// !$*UTF8*$!
{
	archiveVersion = 1;
	classes = {
	};
	objectVersion = 50;
	objects = {

/* Begin PBXBuildFile section */
		168ED46026685CA900E07163 /* AppDelegate.swift in Sources */ = {isa = PBXBuildFile; fileRef = 168ED45F26685CA900E07163 /* AppDelegate.swift */; };
		168ED46426685CA900E07163 /* ShadowViewController.swift in Sources */ = {isa = PBXBuildFile; fileRef = 168ED46326685CA900E07163 /* ShadowViewController.swift */; };
		168ED46726685CA900E07163 /* Main.storyboard in Resources */ = {isa = PBXBuildFile; fileRef = 168ED46526685CA900E07163 /* Main.storyboard */; };
		168ED46A26685CA900E07163 /* ToyExample.xcdatamodeld in Sources */ = {isa = PBXBuildFile; fileRef = 168ED46826685CA900E07163 /* ToyExample.xcdatamodeld */; };
		168ED46C26685CAA00E07163 /* Assets.xcassets in Resources */ = {isa = PBXBuildFile; fileRef = 168ED46B26685CAA00E07163 /* Assets.xcassets */; };
		168ED46F26685CAA00E07163 /* LaunchScreen.storyboard in Resources */ = {isa = PBXBuildFile; fileRef = 168ED46D26685CAA00E07163 /* LaunchScreen.storyboard */; };
		168ED47A26685CAA00E07163 /* ToyExampleTests.swift in Sources */ = {isa = PBXBuildFile; fileRef = 168ED47926685CAA00E07163 /* ToyExampleTests.swift */; };
		168ED48526685CAA00E07163 /* ToyExampleUITests.swift in Sources */ = {isa = PBXBuildFile; fileRef = 168ED48426685CAA00E07163 /* ToyExampleUITests.swift */; };
		168ED49726685E0300E07163 /* MainViewController.swift in Sources */ = {isa = PBXBuildFile; fileRef = 168ED49626685E0300E07163 /* MainViewController.swift */; };
		168ED49826685E0300E07163 /* MainViewController.swift in Sources */ = {isa = PBXBuildFile; fileRef = 168ED49626685E0300E07163 /* MainViewController.swift */; };
		168ED49926685E0300E07163 /* MainViewController.swift in Sources */ = {isa = PBXBuildFile; fileRef = 168ED49626685E0300E07163 /* MainViewController.swift */; };
		168ED49A26685E3800E07163 /* ShadowViewController.swift in Sources */ = {isa = PBXBuildFile; fileRef = 168ED46326685CA900E07163 /* ShadowViewController.swift */; };
		168ED49B26685E3900E07163 /* ShadowViewController.swift in Sources */ = {isa = PBXBuildFile; fileRef = 168ED46326685CA900E07163 /* ShadowViewController.swift */; };
		168ED49D2668611500E07163 /* ShadowView.swift in Sources */ = {isa = PBXBuildFile; fileRef = 168ED49C2668611500E07163 /* ShadowView.swift */; };
		168ED49E2668611500E07163 /* ShadowView.swift in Sources */ = {isa = PBXBuildFile; fileRef = 168ED49C2668611500E07163 /* ShadowView.swift */; };
		168ED49F2668611500E07163 /* ShadowView.swift in Sources */ = {isa = PBXBuildFile; fileRef = 168ED49C2668611500E07163 /* ShadowView.swift */; };
		168ED4A22668621900E07163 /* MainType.swift in Sources */ = {isa = PBXBuildFile; fileRef = 168ED4A12668621900E07163 /* MainType.swift */; };
		168ED4A32668621900E07163 /* MainType.swift in Sources */ = {isa = PBXBuildFile; fileRef = 168ED4A12668621900E07163 /* MainType.swift */; };
		168ED4A42668621900E07163 /* MainType.swift in Sources */ = {isa = PBXBuildFile; fileRef = 168ED4A12668621900E07163 /* MainType.swift */; };
		168ED4A8266863D900E07163 /* UIColor+.swift in Sources */ = {isa = PBXBuildFile; fileRef = 168ED4A7266863D900E07163 /* UIColor+.swift */; };
		168ED4A9266863D900E07163 /* UIColor+.swift in Sources */ = {isa = PBXBuildFile; fileRef = 168ED4A7266863D900E07163 /* UIColor+.swift */; };
		168ED4AA266863D900E07163 /* UIColor+.swift in Sources */ = {isa = PBXBuildFile; fileRef = 168ED4A7266863D900E07163 /* UIColor+.swift */; };
		168ED4AC2668640100E07163 /* Array+Safe.swift in Sources */ = {isa = PBXBuildFile; fileRef = 168ED4AB2668640100E07163 /* Array+Safe.swift */; };
		168ED4AD2668640100E07163 /* Array+Safe.swift in Sources */ = {isa = PBXBuildFile; fileRef = 168ED4AB2668640100E07163 /* Array+Safe.swift */; };
		168ED4AE2668640100E07163 /* Array+Safe.swift in Sources */ = {isa = PBXBuildFile; fileRef = 168ED4AB2668640100E07163 /* Array+Safe.swift */; };
		168ED4BB26686BD000E07163 /* TransparentViewController.swift in Sources */ = {isa = PBXBuildFile; fileRef = 168ED4BA26686BD000E07163 /* TransparentViewController.swift */; };
		168ED4BC26686BD000E07163 /* TransparentViewController.swift in Sources */ = {isa = PBXBuildFile; fileRef = 168ED4BA26686BD000E07163 /* TransparentViewController.swift */; };
		168ED4BD26686BD000E07163 /* TransparentViewController.swift in Sources */ = {isa = PBXBuildFile; fileRef = 168ED4BA26686BD000E07163 /* TransparentViewController.swift */; };
		168ED4BF26686BDB00E07163 /* TransparentView.swift in Sources */ = {isa = PBXBuildFile; fileRef = 168ED4BE26686BDB00E07163 /* TransparentView.swift */; };
		168ED4C026686BDB00E07163 /* TransparentView.swift in Sources */ = {isa = PBXBuildFile; fileRef = 168ED4BE26686BDB00E07163 /* TransparentView.swift */; };
		168ED4C126686BDB00E07163 /* TransparentView.swift in Sources */ = {isa = PBXBuildFile; fileRef = 168ED4BE26686BDB00E07163 /* TransparentView.swift */; };
		168ED4C4266874D400E07163 /* BaseViewController.swift in Sources */ = {isa = PBXBuildFile; fileRef = 168ED4C3266874D400E07163 /* BaseViewController.swift */; };
		168ED4C5266874D400E07163 /* BaseViewController.swift in Sources */ = {isa = PBXBuildFile; fileRef = 168ED4C3266874D400E07163 /* BaseViewController.swift */; };
		168ED4C6266874D400E07163 /* BaseViewController.swift in Sources */ = {isa = PBXBuildFile; fileRef = 168ED4C3266874D400E07163 /* BaseViewController.swift */; };
		168ED4C8266874EF00E07163 /* UINavigationController+UIGestureRecognizerDelegate.swift in Sources */ = {isa = PBXBuildFile; fileRef = 168ED4C7266874EF00E07163 /* UINavigationController+UIGestureRecognizerDelegate.swift */; };
		168ED4C9266874EF00E07163 /* UINavigationController+UIGestureRecognizerDelegate.swift in Sources */ = {isa = PBXBuildFile; fileRef = 168ED4C7266874EF00E07163 /* UINavigationController+UIGestureRecognizerDelegate.swift */; };
		168ED4CA266874EF00E07163 /* UINavigationController+UIGestureRecognizerDelegate.swift in Sources */ = {isa = PBXBuildFile; fileRef = 168ED4C7266874EF00E07163 /* UINavigationController+UIGestureRecognizerDelegate.swift */; };
		168ED4CC266879FE00E07163 /* NSLayoutConstraint+.swift in Sources */ = {isa = PBXBuildFile; fileRef = 168ED4CB266879FE00E07163 /* NSLayoutConstraint+.swift */; };
		168ED4CD266879FE00E07163 /* NSLayoutConstraint+.swift in Sources */ = {isa = PBXBuildFile; fileRef = 168ED4CB266879FE00E07163 /* NSLayoutConstraint+.swift */; };
		168ED4CE266879FE00E07163 /* NSLayoutConstraint+.swift in Sources */ = {isa = PBXBuildFile; fileRef = 168ED4CB266879FE00E07163 /* NSLayoutConstraint+.swift */; };
		168ED4D126688C2800E07163 /* MinimizableVideoPlayerListViewController.swift in Sources */ = {isa = PBXBuildFile; fileRef = 168ED4D026688C2800E07163 /* MinimizableVideoPlayerListViewController.swift */; };
		168ED4D226688C2800E07163 /* MinimizableVideoPlayerListViewController.swift in Sources */ = {isa = PBXBuildFile; fileRef = 168ED4D026688C2800E07163 /* MinimizableVideoPlayerListViewController.swift */; };
		168ED4D326688C2800E07163 /* MinimizableVideoPlayerListViewController.swift in Sources */ = {isa = PBXBuildFile; fileRef = 168ED4D026688C2800E07163 /* MinimizableVideoPlayerListViewController.swift */; };
		168ED4D526688C9200E07163 /* MinimizableVideoPlayerViewController.swift in Sources */ = {isa = PBXBuildFile; fileRef = 168ED4D426688C9200E07163 /* MinimizableVideoPlayerViewController.swift */; };
		168ED4D626688C9200E07163 /* MinimizableVideoPlayerViewController.swift in Sources */ = {isa = PBXBuildFile; fileRef = 168ED4D426688C9200E07163 /* MinimizableVideoPlayerViewController.swift */; };
		168ED4D726688C9200E07163 /* MinimizableVideoPlayerViewController.swift in Sources */ = {isa = PBXBuildFile; fileRef = 168ED4D426688C9200E07163 /* MinimizableVideoPlayerViewController.swift */; };
		E0CD428D2668F1350010F668 /* MinimizableVideo.json in Resources */ = {isa = PBXBuildFile; fileRef = E0CD428C2668F1350010F668 /* MinimizableVideo.json */; };
		E0CD428F2668F2720010F668 /* MinimizableVideo.swift in Sources */ = {isa = PBXBuildFile; fileRef = E0CD428E2668F2720010F668 /* MinimizableVideo.swift */; };
		E0CD42912668F99B0010F668 /* MinimizableVideoPlayerListCell.swift in Sources */ = {isa = PBXBuildFile; fileRef = E0CD42902668F99B0010F668 /* MinimizableVideoPlayerListCell.swift */; };
/* End PBXBuildFile section */

/* Begin PBXContainerItemProxy section */
		168ED47626685CAA00E07163 /* PBXContainerItemProxy */ = {
			isa = PBXContainerItemProxy;
			containerPortal = 168ED45426685CA900E07163 /* Project object */;
			proxyType = 1;
			remoteGlobalIDString = 168ED45B26685CA900E07163;
			remoteInfo = ToyExample;
		};
		168ED48126685CAA00E07163 /* PBXContainerItemProxy */ = {
			isa = PBXContainerItemProxy;
			containerPortal = 168ED45426685CA900E07163 /* Project object */;
			proxyType = 1;
			remoteGlobalIDString = 168ED45B26685CA900E07163;
			remoteInfo = ToyExample;
		};
/* End PBXContainerItemProxy section */

/* Begin PBXFileReference section */
		168ED45C26685CA900E07163 /* ToyExample.app */ = {isa = PBXFileReference; explicitFileType = wrapper.application; includeInIndex = 0; path = ToyExample.app; sourceTree = BUILT_PRODUCTS_DIR; };
		168ED45F26685CA900E07163 /* AppDelegate.swift */ = {isa = PBXFileReference; lastKnownFileType = sourcecode.swift; path = AppDelegate.swift; sourceTree = "<group>"; };
		168ED46326685CA900E07163 /* ShadowViewController.swift */ = {isa = PBXFileReference; lastKnownFileType = sourcecode.swift; path = ShadowViewController.swift; sourceTree = "<group>"; };
		168ED46626685CA900E07163 /* Base */ = {isa = PBXFileReference; lastKnownFileType = file.storyboard; name = Base; path = Base.lproj/Main.storyboard; sourceTree = "<group>"; };
		168ED46926685CA900E07163 /* ToyExample.xcdatamodel */ = {isa = PBXFileReference; lastKnownFileType = wrapper.xcdatamodel; path = ToyExample.xcdatamodel; sourceTree = "<group>"; };
		168ED46B26685CAA00E07163 /* Assets.xcassets */ = {isa = PBXFileReference; lastKnownFileType = folder.assetcatalog; path = Assets.xcassets; sourceTree = "<group>"; };
		168ED46E26685CAA00E07163 /* Base */ = {isa = PBXFileReference; lastKnownFileType = file.storyboard; name = Base; path = Base.lproj/LaunchScreen.storyboard; sourceTree = "<group>"; };
		168ED47026685CAA00E07163 /* Info.plist */ = {isa = PBXFileReference; lastKnownFileType = text.plist.xml; path = Info.plist; sourceTree = "<group>"; };
		168ED47526685CAA00E07163 /* ToyExampleTests.xctest */ = {isa = PBXFileReference; explicitFileType = wrapper.cfbundle; includeInIndex = 0; path = ToyExampleTests.xctest; sourceTree = BUILT_PRODUCTS_DIR; };
		168ED47926685CAA00E07163 /* ToyExampleTests.swift */ = {isa = PBXFileReference; lastKnownFileType = sourcecode.swift; path = ToyExampleTests.swift; sourceTree = "<group>"; };
		168ED47B26685CAA00E07163 /* Info.plist */ = {isa = PBXFileReference; lastKnownFileType = text.plist.xml; path = Info.plist; sourceTree = "<group>"; };
		168ED48026685CAA00E07163 /* ToyExampleUITests.xctest */ = {isa = PBXFileReference; explicitFileType = wrapper.cfbundle; includeInIndex = 0; path = ToyExampleUITests.xctest; sourceTree = BUILT_PRODUCTS_DIR; };
		168ED48426685CAA00E07163 /* ToyExampleUITests.swift */ = {isa = PBXFileReference; lastKnownFileType = sourcecode.swift; path = ToyExampleUITests.swift; sourceTree = "<group>"; };
		168ED48626685CAA00E07163 /* Info.plist */ = {isa = PBXFileReference; lastKnownFileType = text.plist.xml; path = Info.plist; sourceTree = "<group>"; };
		168ED49626685E0300E07163 /* MainViewController.swift */ = {isa = PBXFileReference; lastKnownFileType = sourcecode.swift; path = MainViewController.swift; sourceTree = "<group>"; };
		168ED49C2668611500E07163 /* ShadowView.swift */ = {isa = PBXFileReference; lastKnownFileType = sourcecode.swift; path = ShadowView.swift; sourceTree = "<group>"; };
		168ED4A12668621900E07163 /* MainType.swift */ = {isa = PBXFileReference; lastKnownFileType = sourcecode.swift; path = MainType.swift; sourceTree = "<group>"; };
		168ED4A7266863D900E07163 /* UIColor+.swift */ = {isa = PBXFileReference; lastKnownFileType = sourcecode.swift; path = "UIColor+.swift"; sourceTree = "<group>"; };
		168ED4AB2668640100E07163 /* Array+Safe.swift */ = {isa = PBXFileReference; lastKnownFileType = sourcecode.swift; path = "Array+Safe.swift"; sourceTree = "<group>"; };
		168ED4BA26686BD000E07163 /* TransparentViewController.swift */ = {isa = PBXFileReference; lastKnownFileType = sourcecode.swift; path = TransparentViewController.swift; sourceTree = "<group>"; };
		168ED4BE26686BDB00E07163 /* TransparentView.swift */ = {isa = PBXFileReference; lastKnownFileType = sourcecode.swift; path = TransparentView.swift; sourceTree = "<group>"; };
		168ED4C3266874D400E07163 /* BaseViewController.swift */ = {isa = PBXFileReference; lastKnownFileType = sourcecode.swift; path = BaseViewController.swift; sourceTree = "<group>"; };
		168ED4C7266874EF00E07163 /* UINavigationController+UIGestureRecognizerDelegate.swift */ = {isa = PBXFileReference; lastKnownFileType = sourcecode.swift; path = "UINavigationController+UIGestureRecognizerDelegate.swift"; sourceTree = "<group>"; };
		168ED4CB266879FE00E07163 /* NSLayoutConstraint+.swift */ = {isa = PBXFileReference; lastKnownFileType = sourcecode.swift; path = "NSLayoutConstraint+.swift"; sourceTree = "<group>"; };
		168ED4D026688C2800E07163 /* MinimizableVideoPlayerListViewController.swift */ = {isa = PBXFileReference; lastKnownFileType = sourcecode.swift; path = MinimizableVideoPlayerListViewController.swift; sourceTree = "<group>"; };
		168ED4D426688C9200E07163 /* MinimizableVideoPlayerViewController.swift */ = {isa = PBXFileReference; lastKnownFileType = sourcecode.swift; path = MinimizableVideoPlayerViewController.swift; sourceTree = "<group>"; };
		E0CD428C2668F1350010F668 /* MinimizableVideo.json */ = {isa = PBXFileReference; lastKnownFileType = text.json; path = MinimizableVideo.json; sourceTree = "<group>"; };
		E0CD428E2668F2720010F668 /* MinimizableVideo.swift */ = {isa = PBXFileReference; lastKnownFileType = sourcecode.swift; path = MinimizableVideo.swift; sourceTree = "<group>"; };
		E0CD42902668F99B0010F668 /* MinimizableVideoPlayerListCell.swift */ = {isa = PBXFileReference; lastKnownFileType = sourcecode.swift; path = MinimizableVideoPlayerListCell.swift; sourceTree = "<group>"; };
/* End PBXFileReference section */

/* Begin PBXFrameworksBuildPhase section */
		168ED45926685CA900E07163 /* Frameworks */ = {
			isa = PBXFrameworksBuildPhase;
			buildActionMask = 2147483647;
			files = (
			);
			runOnlyForDeploymentPostprocessing = 0;
		};
		168ED47226685CAA00E07163 /* Frameworks */ = {
			isa = PBXFrameworksBuildPhase;
			buildActionMask = 2147483647;
			files = (
			);
			runOnlyForDeploymentPostprocessing = 0;
		};
		168ED47D26685CAA00E07163 /* Frameworks */ = {
			isa = PBXFrameworksBuildPhase;
			buildActionMask = 2147483647;
			files = (
			);
			runOnlyForDeploymentPostprocessing = 0;
		};
/* End PBXFrameworksBuildPhase section */

/* Begin PBXGroup section */
		168ED45326685CA900E07163 = {
			isa = PBXGroup;
			children = (
				168ED45E26685CA900E07163 /* ToyExample */,
				168ED47826685CAA00E07163 /* ToyExampleTests */,
				168ED48326685CAA00E07163 /* ToyExampleUITests */,
				168ED45D26685CA900E07163 /* Products */,
			);
			sourceTree = "<group>";
		};
		168ED45D26685CA900E07163 /* Products */ = {
			isa = PBXGroup;
			children = (
				168ED45C26685CA900E07163 /* ToyExample.app */,
				168ED47526685CAA00E07163 /* ToyExampleTests.xctest */,
				168ED48026685CAA00E07163 /* ToyExampleUITests.xctest */,
			);
			name = Products;
			sourceTree = "<group>";
		};
		168ED45E26685CA900E07163 /* ToyExample */ = {
			isa = PBXGroup;
			children = (
				168ED45F26685CA900E07163 /* AppDelegate.swift */,
				168ED4A5266863C500E07163 /* Common */,
				168ED49226685DAE00E07163 /* Module */,
				168ED49426685DBD00E07163 /* Resources */,
				168ED49526685DCE00E07163 /* Supporting Files */,
			);
			path = ToyExample;
			sourceTree = "<group>";
		};
		168ED47826685CAA00E07163 /* ToyExampleTests */ = {
			isa = PBXGroup;
			children = (
				168ED47926685CAA00E07163 /* ToyExampleTests.swift */,
				168ED47B26685CAA00E07163 /* Info.plist */,
			);
			path = ToyExampleTests;
			sourceTree = "<group>";
		};
		168ED48326685CAA00E07163 /* ToyExampleUITests */ = {
			isa = PBXGroup;
			children = (
				168ED48426685CAA00E07163 /* ToyExampleUITests.swift */,
				168ED48626685CAA00E07163 /* Info.plist */,
			);
			path = ToyExampleUITests;
			sourceTree = "<group>";
		};
		168ED49226685DAE00E07163 /* Module */ = {
			isa = PBXGroup;
			children = (
				168ED4C2266874CC00E07163 /* Base */,
				168ED4A02668620A00E07163 /* Main */,
				168ED49326685DB400E07163 /* Shadow */,
				168ED4B926686BA100E07163 /* Transparent */,
				168ED4CF26688C0300E07163 /* MinimizableVideoPlayer */,
			);
			path = Module;
			sourceTree = "<group>";
		};
		168ED49326685DB400E07163 /* Shadow */ = {
			isa = PBXGroup;
			children = (
				168ED46326685CA900E07163 /* ShadowViewController.swift */,
				168ED49C2668611500E07163 /* ShadowView.swift */,
			);
			path = Shadow;
			sourceTree = "<group>";
		};
		168ED49426685DBD00E07163 /* Resources */ = {
			isa = PBXGroup;
			children = (
				168ED46B26685CAA00E07163 /* Assets.xcassets */,
				168ED46526685CA900E07163 /* Main.storyboard */,
				168ED46D26685CAA00E07163 /* LaunchScreen.storyboard */,
			);
			path = Resources;
			sourceTree = "<group>";
		};
		168ED49526685DCE00E07163 /* Supporting Files */ = {
			isa = PBXGroup;
			children = (
				168ED47026685CAA00E07163 /* Info.plist */,
				168ED46826685CA900E07163 /* ToyExample.xcdatamodeld */,
			);
			path = "Supporting Files";
			sourceTree = "<group>";
		};
		168ED4A02668620A00E07163 /* Main */ = {
			isa = PBXGroup;
			children = (
				168ED49626685E0300E07163 /* MainViewController.swift */,
				168ED4A12668621900E07163 /* MainType.swift */,
			);
			path = Main;
			sourceTree = "<group>";
		};
		168ED4A5266863C500E07163 /* Common */ = {
			isa = PBXGroup;
			children = (
				168ED4A6266863CC00E07163 /* Extensions */,
			);
			path = Common;
			sourceTree = "<group>";
		};
		168ED4A6266863CC00E07163 /* Extensions */ = {
			isa = PBXGroup;
			children = (
				168ED4C7266874EF00E07163 /* UINavigationController+UIGestureRecognizerDelegate.swift */,
				168ED4A7266863D900E07163 /* UIColor+.swift */,
				168ED4AB2668640100E07163 /* Array+Safe.swift */,
				168ED4CB266879FE00E07163 /* NSLayoutConstraint+.swift */,
			);
			path = Extensions;
			sourceTree = "<group>";
		};
		168ED4B926686BA100E07163 /* Transparent */ = {
			isa = PBXGroup;
			children = (
				168ED4BA26686BD000E07163 /* TransparentViewController.swift */,
				168ED4BE26686BDB00E07163 /* TransparentView.swift */,
			);
			path = Transparent;
			sourceTree = "<group>";
		};
		168ED4C2266874CC00E07163 /* Base */ = {
			isa = PBXGroup;
			children = (
				168ED4C3266874D400E07163 /* BaseViewController.swift */,
			);
			path = Base;
			sourceTree = "<group>";
		};
		168ED4CF26688C0300E07163 /* MinimizableVideoPlayer */ = {
			isa = PBXGroup;
			children = (
				168ED4D026688C2800E07163 /* MinimizableVideoPlayerListViewController.swift */,
				E0CD42902668F99B0010F668 /* MinimizableVideoPlayerListCell.swift */,
				168ED4D426688C9200E07163 /* MinimizableVideoPlayerViewController.swift */,
				E0CD428E2668F2720010F668 /* MinimizableVideo.swift */,
				E0CD428C2668F1350010F668 /* MinimizableVideo.json */,
			);
			path = MinimizableVideoPlayer;
			sourceTree = "<group>";
		};
/* End PBXGroup section */

/* Begin PBXNativeTarget section */
		168ED45B26685CA900E07163 /* ToyExample */ = {
			isa = PBXNativeTarget;
			buildConfigurationList = 168ED48926685CAA00E07163 /* Build configuration list for PBXNativeTarget "ToyExample" */;
			buildPhases = (
				168ED45826685CA900E07163 /* Sources */,
				168ED45926685CA900E07163 /* Frameworks */,
				168ED45A26685CA900E07163 /* Resources */,
			);
			buildRules = (
			);
			dependencies = (
			);
			name = ToyExample;
			productName = ToyExample;
			productReference = 168ED45C26685CA900E07163 /* ToyExample.app */;
			productType = "com.apple.product-type.application";
		};
		168ED47426685CAA00E07163 /* ToyExampleTests */ = {
			isa = PBXNativeTarget;
			buildConfigurationList = 168ED48C26685CAA00E07163 /* Build configuration list for PBXNativeTarget "ToyExampleTests" */;
			buildPhases = (
				168ED47126685CAA00E07163 /* Sources */,
				168ED47226685CAA00E07163 /* Frameworks */,
				168ED47326685CAA00E07163 /* Resources */,
			);
			buildRules = (
			);
			dependencies = (
				168ED47726685CAA00E07163 /* PBXTargetDependency */,
			);
			name = ToyExampleTests;
			productName = ToyExampleTests;
			productReference = 168ED47526685CAA00E07163 /* ToyExampleTests.xctest */;
			productType = "com.apple.product-type.bundle.unit-test";
		};
		168ED47F26685CAA00E07163 /* ToyExampleUITests */ = {
			isa = PBXNativeTarget;
			buildConfigurationList = 168ED48F26685CAA00E07163 /* Build configuration list for PBXNativeTarget "ToyExampleUITests" */;
			buildPhases = (
				168ED47C26685CAA00E07163 /* Sources */,
				168ED47D26685CAA00E07163 /* Frameworks */,
				168ED47E26685CAA00E07163 /* Resources */,
			);
			buildRules = (
			);
			dependencies = (
				168ED48226685CAA00E07163 /* PBXTargetDependency */,
			);
			name = ToyExampleUITests;
			productName = ToyExampleUITests;
			productReference = 168ED48026685CAA00E07163 /* ToyExampleUITests.xctest */;
			productType = "com.apple.product-type.bundle.ui-testing";
		};
/* End PBXNativeTarget section */

/* Begin PBXProject section */
		168ED45426685CA900E07163 /* Project object */ = {
			isa = PBXProject;
			attributes = {
				LastSwiftUpdateCheck = 1250;
				LastUpgradeCheck = 1250;
				TargetAttributes = {
					168ED45B26685CA900E07163 = {
						CreatedOnToolsVersion = 12.5;
					};
					168ED47426685CAA00E07163 = {
						CreatedOnToolsVersion = 12.5;
						TestTargetID = 168ED45B26685CA900E07163;
					};
					168ED47F26685CAA00E07163 = {
						CreatedOnToolsVersion = 12.5;
						TestTargetID = 168ED45B26685CA900E07163;
					};
				};
			};
			buildConfigurationList = 168ED45726685CA900E07163 /* Build configuration list for PBXProject "ToyExample" */;
			compatibilityVersion = "Xcode 9.3";
			developmentRegion = en;
			hasScannedForEncodings = 0;
			knownRegions = (
				en,
				Base,
			);
			mainGroup = 168ED45326685CA900E07163;
			productRefGroup = 168ED45D26685CA900E07163 /* Products */;
			projectDirPath = "";
			projectRoot = "";
			targets = (
				168ED45B26685CA900E07163 /* ToyExample */,
				168ED47426685CAA00E07163 /* ToyExampleTests */,
				168ED47F26685CAA00E07163 /* ToyExampleUITests */,
			);
		};
/* End PBXProject section */

/* Begin PBXResourcesBuildPhase section */
		168ED45A26685CA900E07163 /* Resources */ = {
			isa = PBXResourcesBuildPhase;
			buildActionMask = 2147483647;
			files = (
				168ED46F26685CAA00E07163 /* LaunchScreen.storyboard in Resources */,
				E0CD428D2668F1350010F668 /* MinimizableVideo.json in Resources */,
				168ED46C26685CAA00E07163 /* Assets.xcassets in Resources */,
				168ED46726685CA900E07163 /* Main.storyboard in Resources */,
			);
			runOnlyForDeploymentPostprocessing = 0;
		};
		168ED47326685CAA00E07163 /* Resources */ = {
			isa = PBXResourcesBuildPhase;
			buildActionMask = 2147483647;
			files = (
			);
			runOnlyForDeploymentPostprocessing = 0;
		};
		168ED47E26685CAA00E07163 /* Resources */ = {
			isa = PBXResourcesBuildPhase;
			buildActionMask = 2147483647;
			files = (
			);
			runOnlyForDeploymentPostprocessing = 0;
		};
/* End PBXResourcesBuildPhase section */

/* Begin PBXSourcesBuildPhase section */
		168ED45826685CA900E07163 /* Sources */ = {
			isa = PBXSourcesBuildPhase;
			buildActionMask = 2147483647;
			files = (
				168ED4D126688C2800E07163 /* MinimizableVideoPlayerListViewController.swift in Sources */,
				168ED46426685CA900E07163 /* ShadowViewController.swift in Sources */,
				168ED46026685CA900E07163 /* AppDelegate.swift in Sources */,
				168ED4D526688C9200E07163 /* MinimizableVideoPlayerViewController.swift in Sources */,
				168ED4C4266874D400E07163 /* BaseViewController.swift in Sources */,
				168ED4BB26686BD000E07163 /* TransparentViewController.swift in Sources */,
				168ED4A22668621900E07163 /* MainType.swift in Sources */,
				168ED46A26685CA900E07163 /* ToyExample.xcdatamodeld in Sources */,
				168ED4BF26686BDB00E07163 /* TransparentView.swift in Sources */,
				E0CD428F2668F2720010F668 /* MinimizableVideo.swift in Sources */,
				168ED4AC2668640100E07163 /* Array+Safe.swift in Sources */,
				168ED4C8266874EF00E07163 /* UINavigationController+UIGestureRecognizerDelegate.swift in Sources */,
				168ED49726685E0300E07163 /* MainViewController.swift in Sources */,
				168ED49D2668611500E07163 /* ShadowView.swift in Sources */,
				168ED4CC266879FE00E07163 /* NSLayoutConstraint+.swift in Sources */,
				168ED4A8266863D900E07163 /* UIColor+.swift in Sources */,
				E0CD42912668F99B0010F668 /* MinimizableVideoPlayerListCell.swift in Sources */,
			);
			runOnlyForDeploymentPostprocessing = 0;
		};
		168ED47126685CAA00E07163 /* Sources */ = {
			isa = PBXSourcesBuildPhase;
			buildActionMask = 2147483647;
			files = (
				168ED4D626688C9200E07163 /* MinimizableVideoPlayerViewController.swift in Sources */,
				168ED49E2668611500E07163 /* ShadowView.swift in Sources */,
				168ED49A26685E3800E07163 /* ShadowViewController.swift in Sources */,
				168ED4A32668621900E07163 /* MainType.swift in Sources */,
				168ED4BC26686BD000E07163 /* TransparentViewController.swift in Sources */,
				168ED4AD2668640100E07163 /* Array+Safe.swift in Sources */,
				168ED4C5266874D400E07163 /* BaseViewController.swift in Sources */,
				168ED47A26685CAA00E07163 /* ToyExampleTests.swift in Sources */,
				168ED4C9266874EF00E07163 /* UINavigationController+UIGestureRecognizerDelegate.swift in Sources */,
				168ED4D226688C2800E07163 /* MinimizableVideoPlayerListViewController.swift in Sources */,
				168ED49826685E0300E07163 /* MainViewController.swift in Sources */,
				168ED4C026686BDB00E07163 /* TransparentView.swift in Sources */,
				168ED4A9266863D900E07163 /* UIColor+.swift in Sources */,
				168ED4CD266879FE00E07163 /* NSLayoutConstraint+.swift in Sources */,
			);
			runOnlyForDeploymentPostprocessing = 0;
		};
		168ED47C26685CAA00E07163 /* Sources */ = {
			isa = PBXSourcesBuildPhase;
			buildActionMask = 2147483647;
			files = (
				168ED4D726688C9200E07163 /* MinimizableVideoPlayerViewController.swift in Sources */,
				168ED49F2668611500E07163 /* ShadowView.swift in Sources */,
				168ED49B26685E3900E07163 /* ShadowViewController.swift in Sources */,
				168ED4A42668621900E07163 /* MainType.swift in Sources */,
				168ED4BD26686BD000E07163 /* TransparentViewController.swift in Sources */,
				168ED4AE2668640100E07163 /* Array+Safe.swift in Sources */,
				168ED4C6266874D400E07163 /* BaseViewController.swift in Sources */,
				168ED48526685CAA00E07163 /* ToyExampleUITests.swift in Sources */,
				168ED4CA266874EF00E07163 /* UINavigationController+UIGestureRecognizerDelegate.swift in Sources */,
				168ED4D326688C2800E07163 /* MinimizableVideoPlayerListViewController.swift in Sources */,
				168ED49926685E0300E07163 /* MainViewController.swift in Sources */,
				168ED4C126686BDB00E07163 /* TransparentView.swift in Sources */,
				168ED4AA266863D900E07163 /* UIColor+.swift in Sources */,
				168ED4CE266879FE00E07163 /* NSLayoutConstraint+.swift in Sources */,
			);
			runOnlyForDeploymentPostprocessing = 0;
		};
/* End PBXSourcesBuildPhase section */

/* Begin PBXTargetDependency section */
		168ED47726685CAA00E07163 /* PBXTargetDependency */ = {
			isa = PBXTargetDependency;
			target = 168ED45B26685CA900E07163 /* ToyExample */;
			targetProxy = 168ED47626685CAA00E07163 /* PBXContainerItemProxy */;
		};
		168ED48226685CAA00E07163 /* PBXTargetDependency */ = {
			isa = PBXTargetDependency;
			target = 168ED45B26685CA900E07163 /* ToyExample */;
			targetProxy = 168ED48126685CAA00E07163 /* PBXContainerItemProxy */;
		};
/* End PBXTargetDependency section */

/* Begin PBXVariantGroup section */
		168ED46526685CA900E07163 /* Main.storyboard */ = {
			isa = PBXVariantGroup;
			children = (
				168ED46626685CA900E07163 /* Base */,
			);
			name = Main.storyboard;
			sourceTree = "<group>";
		};
		168ED46D26685CAA00E07163 /* LaunchScreen.storyboard */ = {
			isa = PBXVariantGroup;
			children = (
				168ED46E26685CAA00E07163 /* Base */,
			);
			name = LaunchScreen.storyboard;
			sourceTree = "<group>";
		};
/* End PBXVariantGroup section */

/* Begin XCBuildConfiguration section */
		168ED48726685CAA00E07163 /* Debug */ = {
			isa = XCBuildConfiguration;
			buildSettings = {
				ALWAYS_SEARCH_USER_PATHS = NO;
				CLANG_ANALYZER_NONNULL = YES;
				CLANG_ANALYZER_NUMBER_OBJECT_CONVERSION = YES_AGGRESSIVE;
				CLANG_CXX_LANGUAGE_STANDARD = "gnu++14";
				CLANG_CXX_LIBRARY = "libc++";
				CLANG_ENABLE_MODULES = YES;
				CLANG_ENABLE_OBJC_ARC = YES;
				CLANG_ENABLE_OBJC_WEAK = YES;
				CLANG_WARN_BLOCK_CAPTURE_AUTORELEASING = YES;
				CLANG_WARN_BOOL_CONVERSION = YES;
				CLANG_WARN_COMMA = YES;
				CLANG_WARN_CONSTANT_CONVERSION = YES;
				CLANG_WARN_DEPRECATED_OBJC_IMPLEMENTATIONS = YES;
				CLANG_WARN_DIRECT_OBJC_ISA_USAGE = YES_ERROR;
				CLANG_WARN_DOCUMENTATION_COMMENTS = YES;
				CLANG_WARN_EMPTY_BODY = YES;
				CLANG_WARN_ENUM_CONVERSION = YES;
				CLANG_WARN_INFINITE_RECURSION = YES;
				CLANG_WARN_INT_CONVERSION = YES;
				CLANG_WARN_NON_LITERAL_NULL_CONVERSION = YES;
				CLANG_WARN_OBJC_IMPLICIT_RETAIN_SELF = YES;
				CLANG_WARN_OBJC_LITERAL_CONVERSION = YES;
				CLANG_WARN_OBJC_ROOT_CLASS = YES_ERROR;
				CLANG_WARN_QUOTED_INCLUDE_IN_FRAMEWORK_HEADER = YES;
				CLANG_WARN_RANGE_LOOP_ANALYSIS = YES;
				CLANG_WARN_STRICT_PROTOTYPES = YES;
				CLANG_WARN_SUSPICIOUS_MOVE = YES;
				CLANG_WARN_UNGUARDED_AVAILABILITY = YES_AGGRESSIVE;
				CLANG_WARN_UNREACHABLE_CODE = YES;
				CLANG_WARN__DUPLICATE_METHOD_MATCH = YES;
				COPY_PHASE_STRIP = NO;
				DEBUG_INFORMATION_FORMAT = dwarf;
				ENABLE_STRICT_OBJC_MSGSEND = YES;
				ENABLE_TESTABILITY = YES;
				GCC_C_LANGUAGE_STANDARD = gnu11;
				GCC_DYNAMIC_NO_PIC = NO;
				GCC_NO_COMMON_BLOCKS = YES;
				GCC_OPTIMIZATION_LEVEL = 0;
				GCC_PREPROCESSOR_DEFINITIONS = (
					"DEBUG=1",
					"$(inherited)",
				);
				GCC_WARN_64_TO_32_BIT_CONVERSION = YES;
				GCC_WARN_ABOUT_RETURN_TYPE = YES_ERROR;
				GCC_WARN_UNDECLARED_SELECTOR = YES;
				GCC_WARN_UNINITIALIZED_AUTOS = YES_AGGRESSIVE;
				GCC_WARN_UNUSED_FUNCTION = YES;
				GCC_WARN_UNUSED_VARIABLE = YES;
				IPHONEOS_DEPLOYMENT_TARGET = 14.5;
				MTL_ENABLE_DEBUG_INFO = INCLUDE_SOURCE;
				MTL_FAST_MATH = YES;
				ONLY_ACTIVE_ARCH = YES;
				SDKROOT = iphoneos;
				SWIFT_ACTIVE_COMPILATION_CONDITIONS = DEBUG;
				SWIFT_OPTIMIZATION_LEVEL = "-Onone";
			};
			name = Debug;
		};
		168ED48826685CAA00E07163 /* Release */ = {
			isa = XCBuildConfiguration;
			buildSettings = {
				ALWAYS_SEARCH_USER_PATHS = NO;
				CLANG_ANALYZER_NONNULL = YES;
				CLANG_ANALYZER_NUMBER_OBJECT_CONVERSION = YES_AGGRESSIVE;
				CLANG_CXX_LANGUAGE_STANDARD = "gnu++14";
				CLANG_CXX_LIBRARY = "libc++";
				CLANG_ENABLE_MODULES = YES;
				CLANG_ENABLE_OBJC_ARC = YES;
				CLANG_ENABLE_OBJC_WEAK = YES;
				CLANG_WARN_BLOCK_CAPTURE_AUTORELEASING = YES;
				CLANG_WARN_BOOL_CONVERSION = YES;
				CLANG_WARN_COMMA = YES;
				CLANG_WARN_CONSTANT_CONVERSION = YES;
				CLANG_WARN_DEPRECATED_OBJC_IMPLEMENTATIONS = YES;
				CLANG_WARN_DIRECT_OBJC_ISA_USAGE = YES_ERROR;
				CLANG_WARN_DOCUMENTATION_COMMENTS = YES;
				CLANG_WARN_EMPTY_BODY = YES;
				CLANG_WARN_ENUM_CONVERSION = YES;
				CLANG_WARN_INFINITE_RECURSION = YES;
				CLANG_WARN_INT_CONVERSION = YES;
				CLANG_WARN_NON_LITERAL_NULL_CONVERSION = YES;
				CLANG_WARN_OBJC_IMPLICIT_RETAIN_SELF = YES;
				CLANG_WARN_OBJC_LITERAL_CONVERSION = YES;
				CLANG_WARN_OBJC_ROOT_CLASS = YES_ERROR;
				CLANG_WARN_QUOTED_INCLUDE_IN_FRAMEWORK_HEADER = YES;
				CLANG_WARN_RANGE_LOOP_ANALYSIS = YES;
				CLANG_WARN_STRICT_PROTOTYPES = YES;
				CLANG_WARN_SUSPICIOUS_MOVE = YES;
				CLANG_WARN_UNGUARDED_AVAILABILITY = YES_AGGRESSIVE;
				CLANG_WARN_UNREACHABLE_CODE = YES;
				CLANG_WARN__DUPLICATE_METHOD_MATCH = YES;
				COPY_PHASE_STRIP = NO;
				DEBUG_INFORMATION_FORMAT = "dwarf-with-dsym";
				ENABLE_NS_ASSERTIONS = NO;
				ENABLE_STRICT_OBJC_MSGSEND = YES;
				GCC_C_LANGUAGE_STANDARD = gnu11;
				GCC_NO_COMMON_BLOCKS = YES;
				GCC_WARN_64_TO_32_BIT_CONVERSION = YES;
				GCC_WARN_ABOUT_RETURN_TYPE = YES_ERROR;
				GCC_WARN_UNDECLARED_SELECTOR = YES;
				GCC_WARN_UNINITIALIZED_AUTOS = YES_AGGRESSIVE;
				GCC_WARN_UNUSED_FUNCTION = YES;
				GCC_WARN_UNUSED_VARIABLE = YES;
				IPHONEOS_DEPLOYMENT_TARGET = 14.5;
				MTL_ENABLE_DEBUG_INFO = NO;
				MTL_FAST_MATH = YES;
				SDKROOT = iphoneos;
				SWIFT_COMPILATION_MODE = wholemodule;
				SWIFT_OPTIMIZATION_LEVEL = "-O";
				VALIDATE_PRODUCT = YES;
			};
			name = Release;
		};
		168ED48A26685CAA00E07163 /* Debug */ = {
			isa = XCBuildConfiguration;
			buildSettings = {
				ASSETCATALOG_COMPILER_APPICON_NAME = AppIcon;
				ASSETCATALOG_COMPILER_GLOBAL_ACCENT_COLOR_NAME = AccentColor;
				CODE_SIGN_STYLE = Automatic;
				DEVELOPMENT_TEAM = 95YHHS8BGP;
				INFOPLIST_FILE = "$(SRCROOT)/ToyExample/Supporting Files/Info.plist";
				IPHONEOS_DEPLOYMENT_TARGET = 11.0;
				LD_RUNPATH_SEARCH_PATHS = (
					"$(inherited)",
					"@executable_path/Frameworks",
				);
				MARKETING_VERSION = 1.0.0;
				PRODUCT_BUNDLE_IDENTIFIER = com.pikachu987.ToyExample;
				PRODUCT_NAME = "$(TARGET_NAME)";
				SWIFT_VERSION = 5.0;
				TARGETED_DEVICE_FAMILY = "1,2";
			};
			name = Debug;
		};
		168ED48B26685CAA00E07163 /* Release */ = {
			isa = XCBuildConfiguration;
			buildSettings = {
				ASSETCATALOG_COMPILER_APPICON_NAME = AppIcon;
				ASSETCATALOG_COMPILER_GLOBAL_ACCENT_COLOR_NAME = AccentColor;
				CODE_SIGN_STYLE = Automatic;
				DEVELOPMENT_TEAM = 95YHHS8BGP;
				INFOPLIST_FILE = "$(SRCROOT)/ToyExample/Supporting Files/Info.plist";
				IPHONEOS_DEPLOYMENT_TARGET = 11.0;
				LD_RUNPATH_SEARCH_PATHS = (
					"$(inherited)",
					"@executable_path/Frameworks",
				);
				MARKETING_VERSION = 1.0.0;
				PRODUCT_BUNDLE_IDENTIFIER = com.pikachu987.ToyExample;
				PRODUCT_NAME = "$(TARGET_NAME)";
				SWIFT_VERSION = 5.0;
				TARGETED_DEVICE_FAMILY = "1,2";
			};
			name = Release;
		};
		168ED48D26685CAA00E07163 /* Debug */ = {
			isa = XCBuildConfiguration;
			buildSettings = {
				ALWAYS_EMBED_SWIFT_STANDARD_LIBRARIES = YES;
				BUNDLE_LOADER = "$(TEST_HOST)";
				CODE_SIGN_STYLE = Automatic;
				DEVELOPMENT_TEAM = 95YHHS8BGP;
				INFOPLIST_FILE = ToyExampleTests/Info.plist;
				IPHONEOS_DEPLOYMENT_TARGET = 14.5;
				LD_RUNPATH_SEARCH_PATHS = (
					"$(inherited)",
					"@executable_path/Frameworks",
					"@loader_path/Frameworks",
				);
				PRODUCT_BUNDLE_IDENTIFIER = com.pikachu987.ToyExampleTests;
				PRODUCT_NAME = "$(TARGET_NAME)";
				SWIFT_VERSION = 5.0;
				TARGETED_DEVICE_FAMILY = "1,2";
				TEST_HOST = "$(BUILT_PRODUCTS_DIR)/ToyExample.app/ToyExample";
			};
			name = Debug;
		};
		168ED48E26685CAA00E07163 /* Release */ = {
			isa = XCBuildConfiguration;
			buildSettings = {
				ALWAYS_EMBED_SWIFT_STANDARD_LIBRARIES = YES;
				BUNDLE_LOADER = "$(TEST_HOST)";
				CODE_SIGN_STYLE = Automatic;
				DEVELOPMENT_TEAM = 95YHHS8BGP;
				INFOPLIST_FILE = ToyExampleTests/Info.plist;
				IPHONEOS_DEPLOYMENT_TARGET = 14.5;
				LD_RUNPATH_SEARCH_PATHS = (
					"$(inherited)",
					"@executable_path/Frameworks",
					"@loader_path/Frameworks",
				);
				PRODUCT_BUNDLE_IDENTIFIER = com.pikachu987.ToyExampleTests;
				PRODUCT_NAME = "$(TARGET_NAME)";
				SWIFT_VERSION = 5.0;
				TARGETED_DEVICE_FAMILY = "1,2";
				TEST_HOST = "$(BUILT_PRODUCTS_DIR)/ToyExample.app/ToyExample";
			};
			name = Release;
		};
		168ED49026685CAA00E07163 /* Debug */ = {
			isa = XCBuildConfiguration;
			buildSettings = {
				ALWAYS_EMBED_SWIFT_STANDARD_LIBRARIES = YES;
				CODE_SIGN_STYLE = Automatic;
				DEVELOPMENT_TEAM = 95YHHS8BGP;
				INFOPLIST_FILE = ToyExampleUITests/Info.plist;
				LD_RUNPATH_SEARCH_PATHS = (
					"$(inherited)",
					"@executable_path/Frameworks",
					"@loader_path/Frameworks",
				);
				PRODUCT_BUNDLE_IDENTIFIER = com.pikachu987.ToyExampleUITests;
				PRODUCT_NAME = "$(TARGET_NAME)";
				SWIFT_VERSION = 5.0;
				TARGETED_DEVICE_FAMILY = "1,2";
				TEST_TARGET_NAME = ToyExample;
			};
			name = Debug;
		};
		168ED49126685CAA00E07163 /* Release */ = {
			isa = XCBuildConfiguration;
			buildSettings = {
				ALWAYS_EMBED_SWIFT_STANDARD_LIBRARIES = YES;
				CODE_SIGN_STYLE = Automatic;
				DEVELOPMENT_TEAM = 95YHHS8BGP;
				INFOPLIST_FILE = ToyExampleUITests/Info.plist;
				LD_RUNPATH_SEARCH_PATHS = (
					"$(inherited)",
					"@executable_path/Frameworks",
					"@loader_path/Frameworks",
				);
				PRODUCT_BUNDLE_IDENTIFIER = com.pikachu987.ToyExampleUITests;
				PRODUCT_NAME = "$(TARGET_NAME)";
				SWIFT_VERSION = 5.0;
				TARGETED_DEVICE_FAMILY = "1,2";
				TEST_TARGET_NAME = ToyExample;
			};
			name = Release;
		};
/* End XCBuildConfiguration section */

/* Begin XCConfigurationList section */
		168ED45726685CA900E07163 /* Build configuration list for PBXProject "ToyExample" */ = {
			isa = XCConfigurationList;
			buildConfigurations = (
				168ED48726685CAA00E07163 /* Debug */,
				168ED48826685CAA00E07163 /* Release */,
			);
			defaultConfigurationIsVisible = 0;
			defaultConfigurationName = Release;
		};
		168ED48926685CAA00E07163 /* Build configuration list for PBXNativeTarget "ToyExample" */ = {
			isa = XCConfigurationList;
			buildConfigurations = (
				168ED48A26685CAA00E07163 /* Debug */,
				168ED48B26685CAA00E07163 /* Release */,
			);
			defaultConfigurationIsVisible = 0;
			defaultConfigurationName = Release;
		};
		168ED48C26685CAA00E07163 /* Build configuration list for PBXNativeTarget "ToyExampleTests" */ = {
			isa = XCConfigurationList;
			buildConfigurations = (
				168ED48D26685CAA00E07163 /* Debug */,
				168ED48E26685CAA00E07163 /* Release */,
			);
			defaultConfigurationIsVisible = 0;
			defaultConfigurationName = Release;
		};
		168ED48F26685CAA00E07163 /* Build configuration list for PBXNativeTarget "ToyExampleUITests" */ = {
			isa = XCConfigurationList;
			buildConfigurations = (
				168ED49026685CAA00E07163 /* Debug */,
				168ED49126685CAA00E07163 /* Release */,
			);
			defaultConfigurationIsVisible = 0;
			defaultConfigurationName = Release;
		};
/* End XCConfigurationList section */

/* Begin XCVersionGroup section */
		168ED46826685CA900E07163 /* ToyExample.xcdatamodeld */ = {
			isa = XCVersionGroup;
			children = (
				168ED46926685CA900E07163 /* ToyExample.xcdatamodel */,
			);
			currentVersion = 168ED46926685CA900E07163 /* ToyExample.xcdatamodel */;
			path = ToyExample.xcdatamodeld;
			sourceTree = "<group>";
			versionGroupType = wrapper.xcdatamodel;
		};
/* End XCVersionGroup section */
	};
	rootObject = 168ED45426685CA900E07163 /* Project object */;
}
